
Microsoft Visual Studio Solution File, Format Version 12.00
# Visual Studio Version 17
VisualStudioVersion = 17.10.35122.118
MinimumVisualStudioVersion = 10.0.40219.1
Project("{9A19103F-16F7-4668-BE54-9A1E7A4F7556}") = "Fantasy.Backend", "Fantasy.Backend\Fantasy.Backend.csproj", "{5AFF9A51-4E58-45C4-8A7E-AA2F81373334}"
EndProject
Project("{9A19103F-16F7-4668-BE54-9A1E7A4F7556}") = "Fantasy.Frontend", "Fantasy.Frontend\Fantasy.Frontend.csproj", "{47EE6DD4-28F9-4794-B58C-67D9B8318402}"
EndProject
Project("{9A19103F-16F7-4668-BE54-9A1E7A4F7556}") = "Fantasy.Shared", "Fantasy.Shared\Fantasy.Shared.csproj", "{7377A10A-BF57-419E-A2FD-3CFB21BA224B}"
EndProject
Project("{9A19103F-16F7-4668-BE54-9A1E7A4F7556}") = "Fantasy.Tests", "Fantasy.Tests\Fantasy.Tests.csproj", "{A58A152D-F575-47DB-A7F8-B10423891C36}"
EndProject
Global
	GlobalSection(SolutionConfigurationPlatforms) = preSolution
		Debug|Any CPU = Debug|Any CPU
		Release|Any CPU = Release|Any CPU
	EndGlobalSection
	GlobalSection(ProjectConfigurationPlatforms) = postSolution
		{5AFF9A51-4E58-45C4-8A7E-AA2F81373334}.Debug|Any CPU.ActiveCfg = Debug|Any CPU
		{5AFF9A51-4E58-45C4-8A7E-AA2F81373334}.Debug|Any CPU.Build.0 = Debug|Any CPU
		{5AFF9A51-4E58-45C4-8A7E-AA2F81373334}.Release|Any CPU.ActiveCfg = Release|Any CPU
		{5AFF9A51-4E58-45C4-8A7E-AA2F81373334}.Release|Any CPU.Build.0 = Release|Any CPU
		{47EE6DD4-28F9-4794-B58C-67D9B8318402}.Debug|Any CPU.ActiveCfg = Debug|Any CPU
		{47EE6DD4-28F9-4794-B58C-67D9B8318402}.Debug|Any CPU.Build.0 = Debug|Any CPU
		{47EE6DD4-28F9-4794-B58C-67D9B8318402}.Release|Any CPU.ActiveCfg = Release|Any CPU
		{47EE6DD4-28F9-4794-B58C-67D9B8318402}.Release|Any CPU.Build.0 = Release|Any CPU
		{7377A10A-BF57-419E-A2FD-3CFB21BA224B}.Debug|Any CPU.ActiveCfg = Debug|Any CPU
		{7377A10A-BF57-419E-A2FD-3CFB21BA224B}.Debug|Any CPU.Build.0 = Debug|Any CPU
		{7377A10A-BF57-419E-A2FD-3CFB21BA224B}.Release|Any CPU.ActiveCfg = Release|Any CPU
		{7377A10A-BF57-419E-A2FD-3CFB21BA224B}.Release|Any CPU.Build.0 = Release|Any CPU
		{A58A152D-F575-47DB-A7F8-B10423891C36}.Debug|Any CPU.ActiveCfg = Debug|Any CPU
		{A58A152D-F575-47DB-A7F8-B10423891C36}.Debug|Any CPU.Build.0 = Debug|Any CPU
		{A58A152D-F575-47DB-A7F8-B10423891C36}.Release|Any CPU.ActiveCfg = Release|Any CPU
		{A58A152D-F575-47DB-A7F8-B10423891C36}.Release|Any CPU.Build.0 = Release|Any CPU
	EndGlobalSection
	GlobalSection(SolutionProperties) = preSolution
		HideSolutionNode = FALSE
	EndGlobalSection
	GlobalSection(ExtensibilityGlobals) = postSolution
		SolutionGuid = {FF5336E1-F1C6-40CA-84AA-F1823DD3F37D}
	EndGlobalSection
EndGlobal
